
Microsoft Visual Studio Solution File, Format Version 12.00
# Visual Studio Version 16
VisualStudioVersion = 16.0.29806.167
MinimumVisualStudioVersion = 10.0.40219.1
Project("{8BC9CEB8-8B4A-11D0-8D11-00A0C91BC942}") = "AVL-Tree", "AVL-Tree\AVL-Tree.vcxproj", "{EE58606E-C9C7-4C0F-A353-5C5580D0A689}"
EndProject
Global
	GlobalSection(SolutionConfigurationPlatforms) = preSolution
		Debug|x64 = Debug|x64
		Debug|x86 = Debug|x86
		Release|x64 = Release|x64
		Release|x86 = Release|x86
	EndGlobalSection
	GlobalSection(ProjectConfigurationPlatforms) = postSolution
		{EE58606E-C9C7-4C0F-A353-5C5580D0A689}.Debug|x64.ActiveCfg = Debug|x64
		{EE58606E-C9C7-4C0F-A353-5C5580D0A689}.Debug|x64.Build.0 = Debug|x64
		{EE58606E-C9C7-4C0F-A353-5C5580D0A689}.Debug|x86.ActiveCfg = Debug|Win32
		{EE58606E-C9C7-4C0F-A353-5C5580D0A689}.Debug|x86.Build.0 = Debug|Win32
		{EE58606E-C9C7-4C0F-A353-5C5580D0A689}.Release|x64.ActiveCfg = Release|x64
		{EE58606E-C9C7-4C0F-A353-5C5580D0A689}.Release|x64.Build.0 = Release|x64
		{EE58606E-C9C7-4C0F-A353-5C5580D0A689}.Release|x86.ActiveCfg = Release|Win32
		{EE58606E-C9C7-4C0F-A353-5C5580D0A689}.Release|x86.Build.0 = Release|Win32
	EndGlobalSection
	GlobalSection(SolutionProperties) = preSolution
		HideSolutionNode = FALSE
	EndGlobalSection
	GlobalSection(ExtensibilityGlobals) = postSolution
		SolutionGuid = {CBD89480-8F38-47FA-9F4E-1B97C1F6A60F}
	EndGlobalSection
EndGlobal
