<?xml version="1.0" encoding="utf-8"?>
<Project ToolsVersion="4.0" xmlns="http://schemas.microsoft.com/developer/msbuild/2003">
  <ItemGroup>
    <ClCompile Include="src\main.cpp" />
    <ClCompile Include="src\ComparableData\ComparableData.cpp" />
    <ClCompile Include="src\Tree\AVLTree.cpp" />
  </ItemGroup>
  <ItemGroup>
    <ClInclude Include="src\Tree\Node.h" />
    <ClInclude Include="src\Tree\fwd.h" />
    <ClInclude Include="src\ComparableData\ComparableData.h" />
    <ClInclude Include="src\Tree\AVLTree.h" />
  </ItemGroup>
</Project>